// !$*UTF8*$!
{
	archiveVersion = 1;
	classes = {
	};
	objectVersion = 55;
	objects = {

/* Begin PBXBuildFile section */
		4962F89A27886A140061C456 /* AppDelegate.swift in Sources */ = {isa = PBXBuildFile; fileRef = 4962F89927886A140061C456 /* AppDelegate.swift */; };
		4962F89C27886A140061C456 /* SceneDelegate.swift in Sources */ = {isa = PBXBuildFile; fileRef = 4962F89B27886A140061C456 /* SceneDelegate.swift */; };
		4962F89E27886A140061C456 /* ViewController.swift in Sources */ = {isa = PBXBuildFile; fileRef = 4962F89D27886A140061C456 /* ViewController.swift */; };
		4962F8A127886A140061C456 /* Main.storyboard in Resources */ = {isa = PBXBuildFile; fileRef = 4962F89F27886A140061C456 /* Main.storyboard */; };
		4962F8A327886A150061C456 /* Assets.xcassets in Resources */ = {isa = PBXBuildFile; fileRef = 4962F8A227886A150061C456 /* Assets.xcassets */; };
		4962F8A627886A150061C456 /* LaunchScreen.storyboard in Resources */ = {isa = PBXBuildFile; fileRef = 4962F8A427886A150061C456 /* LaunchScreen.storyboard */; };
		496A14F12798127600207EE9 /* Play_ViewController.swift in Sources */ = {isa = PBXBuildFile; fileRef = 496A14F02798127600207EE9 /* Play_ViewController.swift */; };
		496A14F32798128A00207EE9 /* Create_ViewController.swift in Sources */ = {isa = PBXBuildFile; fileRef = 496A14F22798128A00207EE9 /* Create_ViewController.swift */; };
		496A14F52798131900207EE9 /* TabBarViewController.swift in Sources */ = {isa = PBXBuildFile; fileRef = 496A14F42798131900207EE9 /* TabBarViewController.swift */; };
		496A14F7279813A200207EE9 /* Question_Response_ViewController.swift in Sources */ = {isa = PBXBuildFile; fileRef = 496A14F6279813A200207EE9 /* Question_Response_ViewController.swift */; };
		496A14FB279813FB00207EE9 /* QCM_ViewController.swift in Sources */ = {isa = PBXBuildFile; fileRef = 496A14FA279813FB00207EE9 /* QCM_ViewController.swift */; };
		496A14FD2798144D00207EE9 /* FireBase.swift in Sources */ = {isa = PBXBuildFile; fileRef = 496A14FC2798144D00207EE9 /* FireBase.swift */; };
		496A14FF2798147000207EE9 /* True_False_Model.swift in Sources */ = {isa = PBXBuildFile; fileRef = 496A14FE2798147000207EE9 /* True_False_Model.swift */; };
		496A15012798148B00207EE9 /* QCM_Model.swift in Sources */ = {isa = PBXBuildFile; fileRef = 496A15002798148B00207EE9 /* QCM_Model.swift */; };
		496A15032798149F00207EE9 /* Question_Response_Model.swift in Sources */ = {isa = PBXBuildFile; fileRef = 496A15022798149F00207EE9 /* Question_Response_Model.swift */; };
		49A945732795C2FB0046F0D0 /* True_False_ViewController.swift in Sources */ = {isa = PBXBuildFile; fileRef = 49A945722795C2FB0046F0D0 /* True_False_ViewController.swift */; };
/* End PBXBuildFile section */

/* Begin PBXFileReference section */
		4962F89627886A140061C456 /* AnatomicGame.app */ = {isa = PBXFileReference; explicitFileType = wrapper.application; includeInIndex = 0; path = AnatomicGame.app; sourceTree = BUILT_PRODUCTS_DIR; };
		4962F89927886A140061C456 /* AppDelegate.swift */ = {isa = PBXFileReference; lastKnownFileType = sourcecode.swift; path = AppDelegate.swift; sourceTree = "<group>"; };
		4962F89B27886A140061C456 /* SceneDelegate.swift */ = {isa = PBXFileReference; lastKnownFileType = sourcecode.swift; path = SceneDelegate.swift; sourceTree = "<group>"; };
		4962F89D27886A140061C456 /* ViewController.swift */ = {isa = PBXFileReference; lastKnownFileType = sourcecode.swift; path = ViewController.swift; sourceTree = "<group>"; };
		4962F8A027886A140061C456 /* Base */ = {isa = PBXFileReference; lastKnownFileType = file.storyboard; name = Base; path = Base.lproj/Main.storyboard; sourceTree = "<group>"; };
		4962F8A227886A150061C456 /* Assets.xcassets */ = {isa = PBXFileReference; lastKnownFileType = folder.assetcatalog; path = Assets.xcassets; sourceTree = "<group>"; };
		4962F8A527886A150061C456 /* Base */ = {isa = PBXFileReference; lastKnownFileType = file.storyboard; name = Base; path = Base.lproj/LaunchScreen.storyboard; sourceTree = "<group>"; };
		4962F8A727886A150061C456 /* Info.plist */ = {isa = PBXFileReference; lastKnownFileType = text.plist.xml; path = Info.plist; sourceTree = "<group>"; };
		496A14F02798127600207EE9 /* Play_ViewController.swift */ = {isa = PBXFileReference; lastKnownFileType = sourcecode.swift; path = Play_ViewController.swift; sourceTree = "<group>"; };
		496A14F22798128A00207EE9 /* Create_ViewController.swift */ = {isa = PBXFileReference; lastKnownFileType = sourcecode.swift; path = Create_ViewController.swift; sourceTree = "<group>"; };
		496A14F42798131900207EE9 /* TabBarViewController.swift */ = {isa = PBXFileReference; lastKnownFileType = sourcecode.swift; path = TabBarViewController.swift; sourceTree = "<group>"; };
		496A14F6279813A200207EE9 /* Question_Response_ViewController.swift */ = {isa = PBXFileReference; lastKnownFileType = sourcecode.swift; path = Question_Response_ViewController.swift; sourceTree = "<group>"; };
		496A14FA279813FB00207EE9 /* QCM_ViewController.swift */ = {isa = PBXFileReference; lastKnownFileType = sourcecode.swift; path = QCM_ViewController.swift; sourceTree = "<group>"; };
		496A14FC2798144D00207EE9 /* FireBase.swift */ = {isa = PBXFileReference; lastKnownFileType = sourcecode.swift; path = FireBase.swift; sourceTree = "<group>"; };
		496A14FE2798147000207EE9 /* True_False_Model.swift */ = {isa = PBXFileReference; lastKnownFileType = sourcecode.swift; path = True_False_Model.swift; sourceTree = "<group>"; };
		496A15002798148B00207EE9 /* QCM_Model.swift */ = {isa = PBXFileReference; lastKnownFileType = sourcecode.swift; path = QCM_Model.swift; sourceTree = "<group>"; };
		496A15022798149F00207EE9 /* Question_Response_Model.swift */ = {isa = PBXFileReference; lastKnownFileType = sourcecode.swift; path = Question_Response_Model.swift; sourceTree = "<group>"; };
		49A945722795C2FB0046F0D0 /* True_False_ViewController.swift */ = {isa = PBXFileReference; lastKnownFileType = sourcecode.swift; path = True_False_ViewController.swift; sourceTree = "<group>"; };
/* End PBXFileReference section */

/* Begin PBXFrameworksBuildPhase section */
		4962F89327886A140061C456 /* Frameworks */ = {
			isa = PBXFrameworksBuildPhase;
			buildActionMask = 2147483647;
			files = (
			);
			runOnlyForDeploymentPostprocessing = 0;
		};
/* End PBXFrameworksBuildPhase section */

/* Begin PBXGroup section */
		4962F88D27886A140061C456 = {
			isa = PBXGroup;
			children = (
				4962F89827886A140061C456 /* AnatomicGame */,
				4962F89727886A140061C456 /* Products */,
			);
			sourceTree = "<group>";
		};
		4962F89727886A140061C456 /* Products */ = {
			isa = PBXGroup;
			children = (
				4962F89627886A140061C456 /* AnatomicGame.app */,
			);
			name = Products;
			sourceTree = "<group>";
		};
		4962F89827886A140061C456 /* AnatomicGame */ = {
			isa = PBXGroup;
			children = (
				49A9456F2795C1EA0046F0D0 /* Model */,
				49A9456E2795C1D40046F0D0 /* View */,
				49A945702795C1F10046F0D0 /* Controller */,
				49A945712795C2110046F0D0 /* Suporting Files */,
				4962F8A727886A150061C456 /* Info.plist */,
			);
			path = AnatomicGame;
			sourceTree = "<group>";
		};
		49A9456E2795C1D40046F0D0 /* View */ = {
			isa = PBXGroup;
			children = (
				4962F89F27886A140061C456 /* Main.storyboard */,
			);
			path = View;
			sourceTree = "<group>";
		};
		49A9456F2795C1EA0046F0D0 /* Model */ = {
			isa = PBXGroup;
			children = (
				496A14FC2798144D00207EE9 /* FireBase.swift */,
				496A14FE2798147000207EE9 /* True_False_Model.swift */,
				496A15002798148B00207EE9 /* QCM_Model.swift */,
				496A15022798149F00207EE9 /* Question_Response_Model.swift */,
			);
			path = Model;
			sourceTree = "<group>";
		};
		49A945702795C1F10046F0D0 /* Controller */ = {
			isa = PBXGroup;
			children = (
				4962F89D27886A140061C456 /* ViewController.swift */,
				496A14F42798131900207EE9 /* TabBarViewController.swift */,
				496A14F02798127600207EE9 /* Play_ViewController.swift */,
				496A14F22798128A00207EE9 /* Create_ViewController.swift */,
				49A945722795C2FB0046F0D0 /* True_False_ViewController.swift */,
				496A14FA279813FB00207EE9 /* QCM_ViewController.swift */,
				496A14F6279813A200207EE9 /* Question_Response_ViewController.swift */,
			);
			path = Controller;
			sourceTree = "<group>";
		};
		49A945712795C2110046F0D0 /* Suporting Files */ = {
			isa = PBXGroup;
			children = (
				4962F8A227886A150061C456 /* Assets.xcassets */,
				4962F89927886A140061C456 /* AppDelegate.swift */,
				4962F89B27886A140061C456 /* SceneDelegate.swift */,
				4962F8A427886A150061C456 /* LaunchScreen.storyboard */,
			);
			path = "Suporting Files";
			sourceTree = "<group>";
		};
/* End PBXGroup section */

/* Begin PBXNativeTarget section */
		4962F89527886A140061C456 /* AnatomicGame */ = {
			isa = PBXNativeTarget;
			buildConfigurationList = 4962F8AA27886A150061C456 /* Build configuration list for PBXNativeTarget "AnatomicGame" */;
			buildPhases = (
				4962F89227886A140061C456 /* Sources */,
				4962F89327886A140061C456 /* Frameworks */,
				4962F89427886A140061C456 /* Resources */,
			);
			buildRules = (
			);
			dependencies = (
			);
			name = AnatomicGame;
			productName = AnatomicGame;
			productReference = 4962F89627886A140061C456 /* AnatomicGame.app */;
			productType = "com.apple.product-type.application";
		};
/* End PBXNativeTarget section */

/* Begin PBXProject section */
		4962F88E27886A140061C456 /* Project object */ = {
			isa = PBXProject;
			attributes = {
				BuildIndependentTargetsInParallel = 1;
				LastSwiftUpdateCheck = 1310;
				LastUpgradeCheck = 1310;
				TargetAttributes = {
					4962F89527886A140061C456 = {
						CreatedOnToolsVersion = 13.1;
					};
				};
			};
			buildConfigurationList = 4962F89127886A140061C456 /* Build configuration list for PBXProject "AnatomicGame" */;
			compatibilityVersion = "Xcode 13.0";
			developmentRegion = en;
			hasScannedForEncodings = 0;
			knownRegions = (
				en,
				Base,
			);
			mainGroup = 4962F88D27886A140061C456;
			productRefGroup = 4962F89727886A140061C456 /* Products */;
			projectDirPath = "";
			projectRoot = "";
			targets = (
				4962F89527886A140061C456 /* AnatomicGame */,
			);
		};
/* End PBXProject section */

/* Begin PBXResourcesBuildPhase section */
		4962F89427886A140061C456 /* Resources */ = {
			isa = PBXResourcesBuildPhase;
			buildActionMask = 2147483647;
			files = (
				4962F8A627886A150061C456 /* LaunchScreen.storyboard in Resources */,
				4962F8A327886A150061C456 /* Assets.xcassets in Resources */,
				4962F8A127886A140061C456 /* Main.storyboard in Resources */,
			);
			runOnlyForDeploymentPostprocessing = 0;
		};
/* End PBXResourcesBuildPhase section */

/* Begin PBXSourcesBuildPhase section */
		4962F89227886A140061C456 /* Sources */ = {
			isa = PBXSourcesBuildPhase;
			buildActionMask = 2147483647;
			files = (
				496A14F32798128A00207EE9 /* Create_ViewController.swift in Sources */,
				4962F89E27886A140061C456 /* ViewController.swift in Sources */,
				496A14FD2798144D00207EE9 /* FireBase.swift in Sources */,
				496A15012798148B00207EE9 /* QCM_Model.swift in Sources */,
				4962F89A27886A140061C456 /* AppDelegate.swift in Sources */,
				496A15032798149F00207EE9 /* Question_Response_Model.swift in Sources */,
				496A14FF2798147000207EE9 /* True_False_Model.swift in Sources */,
				49A945732795C2FB0046F0D0 /* True_False_ViewController.swift in Sources */,
				496A14F52798131900207EE9 /* TabBarViewController.swift in Sources */,
				496A14F7279813A200207EE9 /* Question_Response_ViewController.swift in Sources */,
				496A14FB279813FB00207EE9 /* QCM_ViewController.swift in Sources */,
				496A14F12798127600207EE9 /* Play_ViewController.swift in Sources */,
				4962F89C27886A140061C456 /* SceneDelegate.swift in Sources */,
			);
			runOnlyForDeploymentPostprocessing = 0;
		};
/* End PBXSourcesBuildPhase section */

/* Begin PBXVariantGroup section */
		4962F89F27886A140061C456 /* Main.storyboard */ = {
			isa = PBXVariantGroup;
			children = (
				4962F8A027886A140061C456 /* Base */,
			);
			name = Main.storyboard;
			sourceTree = "<group>";
		};
		4962F8A427886A150061C456 /* LaunchScreen.storyboard */ = {
			isa = PBXVariantGroup;
			children = (
				4962F8A527886A150061C456 /* Base */,
			);
			name = LaunchScreen.storyboard;
			sourceTree = "<group>";
		};
/* End PBXVariantGroup section */

/* Begin XCBuildConfiguration section */
		4962F8A827886A150061C456 /* Debug */ = {
			isa = XCBuildConfiguration;
			buildSettings = {
				ALWAYS_SEARCH_USER_PATHS = NO;
				CLANG_ANALYZER_NONNULL = YES;
				CLANG_ANALYZER_NUMBER_OBJECT_CONVERSION = YES_AGGRESSIVE;
				CLANG_CXX_LANGUAGE_STANDARD = "gnu++17";
				CLANG_CXX_LIBRARY = "libc++";
				CLANG_ENABLE_MODULES = YES;
				CLANG_ENABLE_OBJC_ARC = YES;
				CLANG_ENABLE_OBJC_WEAK = YES;
				CLANG_WARN_BLOCK_CAPTURE_AUTORELEASING = YES;
				CLANG_WARN_BOOL_CONVERSION = YES;
				CLANG_WARN_COMMA = YES;
				CLANG_WARN_CONSTANT_CONVERSION = YES;
				CLANG_WARN_DEPRECATED_OBJC_IMPLEMENTATIONS = YES;
				CLANG_WARN_DIRECT_OBJC_ISA_USAGE = YES_ERROR;
				CLANG_WARN_DOCUMENTATION_COMMENTS = YES;
				CLANG_WARN_EMPTY_BODY = YES;
				CLANG_WARN_ENUM_CONVERSION = YES;
				CLANG_WARN_INFINITE_RECURSION = YES;
				CLANG_WARN_INT_CONVERSION = YES;
				CLANG_WARN_NON_LITERAL_NULL_CONVERSION = YES;
				CLANG_WARN_OBJC_IMPLICIT_RETAIN_SELF = YES;
				CLANG_WARN_OBJC_LITERAL_CONVERSION = YES;
				CLANG_WARN_OBJC_ROOT_CLASS = YES_ERROR;
				CLANG_WARN_QUOTED_INCLUDE_IN_FRAMEWORK_HEADER = YES;
				CLANG_WARN_RANGE_LOOP_ANALYSIS = YES;
				CLANG_WARN_STRICT_PROTOTYPES = YES;
				CLANG_WARN_SUSPICIOUS_MOVE = YES;
				CLANG_WARN_UNGUARDED_AVAILABILITY = YES_AGGRESSIVE;
				CLANG_WARN_UNREACHABLE_CODE = YES;
				CLANG_WARN__DUPLICATE_METHOD_MATCH = YES;
				COPY_PHASE_STRIP = NO;
				DEBUG_INFORMATION_FORMAT = dwarf;
				ENABLE_STRICT_OBJC_MSGSEND = YES;
				ENABLE_TESTABILITY = YES;
				GCC_C_LANGUAGE_STANDARD = gnu11;
				GCC_DYNAMIC_NO_PIC = NO;
				GCC_NO_COMMON_BLOCKS = YES;
				GCC_OPTIMIZATION_LEVEL = 0;
				GCC_PREPROCESSOR_DEFINITIONS = (
					"DEBUG=1",
					"$(inherited)",
				);
				GCC_WARN_64_TO_32_BIT_CONVERSION = YES;
				GCC_WARN_ABOUT_RETURN_TYPE = YES_ERROR;
				GCC_WARN_UNDECLARED_SELECTOR = YES;
				GCC_WARN_UNINITIALIZED_AUTOS = YES_AGGRESSIVE;
				GCC_WARN_UNUSED_FUNCTION = YES;
				GCC_WARN_UNUSED_VARIABLE = YES;
				IPHONEOS_DEPLOYMENT_TARGET = 15.0;
				MTL_ENABLE_DEBUG_INFO = INCLUDE_SOURCE;
				MTL_FAST_MATH = YES;
				ONLY_ACTIVE_ARCH = YES;
				SDKROOT = iphoneos;
				SWIFT_ACTIVE_COMPILATION_CONDITIONS = DEBUG;
				SWIFT_OPTIMIZATION_LEVEL = "-Onone";
			};
			name = Debug;
		};
		4962F8A927886A150061C456 /* Release */ = {
			isa = XCBuildConfiguration;
			buildSettings = {
				ALWAYS_SEARCH_USER_PATHS = NO;
				CLANG_ANALYZER_NONNULL = YES;
				CLANG_ANALYZER_NUMBER_OBJECT_CONVERSION = YES_AGGRESSIVE;
				CLANG_CXX_LANGUAGE_STANDARD = "gnu++17";
				CLANG_CXX_LIBRARY = "libc++";
				CLANG_ENABLE_MODULES = YES;
				CLANG_ENABLE_OBJC_ARC = YES;
				CLANG_ENABLE_OBJC_WEAK = YES;
				CLANG_WARN_BLOCK_CAPTURE_AUTORELEASING = YES;
				CLANG_WARN_BOOL_CONVERSION = YES;
				CLANG_WARN_COMMA = YES;
				CLANG_WARN_CONSTANT_CONVERSION = YES;
				CLANG_WARN_DEPRECATED_OBJC_IMPLEMENTATIONS = YES;
				CLANG_WARN_DIRECT_OBJC_ISA_USAGE = YES_ERROR;
				CLANG_WARN_DOCUMENTATION_COMMENTS = YES;
				CLANG_WARN_EMPTY_BODY = YES;
				CLANG_WARN_ENUM_CONVERSION = YES;
				CLANG_WARN_INFINITE_RECURSION = YES;
				CLANG_WARN_INT_CONVERSION = YES;
				CLANG_WARN_NON_LITERAL_NULL_CONVERSION = YES;
				CLANG_WARN_OBJC_IMPLICIT_RETAIN_SELF = YES;
				CLANG_WARN_OBJC_LITERAL_CONVERSION = YES;
				CLANG_WARN_OBJC_ROOT_CLASS = YES_ERROR;
				CLANG_WARN_QUOTED_INCLUDE_IN_FRAMEWORK_HEADER = YES;
				CLANG_WARN_RANGE_LOOP_ANALYSIS = YES;
				CLANG_WARN_STRICT_PROTOTYPES = YES;
				CLANG_WARN_SUSPICIOUS_MOVE = YES;
				CLANG_WARN_UNGUARDED_AVAILABILITY = YES_AGGRESSIVE;
				CLANG_WARN_UNREACHABLE_CODE = YES;
				CLANG_WARN__DUPLICATE_METHOD_MATCH = YES;
				COPY_PHASE_STRIP = NO;
				DEBUG_INFORMATION_FORMAT = "dwarf-with-dsym";
				ENABLE_NS_ASSERTIONS = NO;
				ENABLE_STRICT_OBJC_MSGSEND = YES;
				GCC_C_LANGUAGE_STANDARD = gnu11;
				GCC_NO_COMMON_BLOCKS = YES;
				GCC_WARN_64_TO_32_BIT_CONVERSION = YES;
				GCC_WARN_ABOUT_RETURN_TYPE = YES_ERROR;
				GCC_WARN_UNDECLARED_SELECTOR = YES;
				GCC_WARN_UNINITIALIZED_AUTOS = YES_AGGRESSIVE;
				GCC_WARN_UNUSED_FUNCTION = YES;
				GCC_WARN_UNUSED_VARIABLE = YES;
				IPHONEOS_DEPLOYMENT_TARGET = 15.0;
				MTL_ENABLE_DEBUG_INFO = NO;
				MTL_FAST_MATH = YES;
				SDKROOT = iphoneos;
				SWIFT_COMPILATION_MODE = wholemodule;
				SWIFT_OPTIMIZATION_LEVEL = "-O";
				VALIDATE_PRODUCT = YES;
			};
			name = Release;
		};
		4962F8AB27886A150061C456 /* Debug */ = {
			isa = XCBuildConfiguration;
			buildSettings = {
				ASSETCATALOG_COMPILER_APPICON_NAME = AppIcon;
				ASSETCATALOG_COMPILER_GLOBAL_ACCENT_COLOR_NAME = AccentColor;
				CODE_SIGN_STYLE = Automatic;
				CURRENT_PROJECT_VERSION = 1;
				DEVELOPMENT_TEAM = NG7UFN6T72;
				GENERATE_INFOPLIST_FILE = YES;
				INFOPLIST_FILE = AnatomicGame/Info.plist;
				INFOPLIST_KEY_UIApplicationSupportsIndirectInputEvents = YES;
				INFOPLIST_KEY_UILaunchStoryboardName = LaunchScreen;
				INFOPLIST_KEY_UIMainStoryboardFile = Main;
				INFOPLIST_KEY_UISupportedInterfaceOrientations_iPad = "UIInterfaceOrientationPortrait UIInterfaceOrientationPortraitUpsideDown UIInterfaceOrientationLandscapeLeft UIInterfaceOrientationLandscapeRight";
				INFOPLIST_KEY_UISupportedInterfaceOrientations_iPhone = "UIInterfaceOrientationPortrait UIInterfaceOrientationLandscapeLeft UIInterfaceOrientationLandscapeRight";
				LD_RUNPATH_SEARCH_PATHS = (
					"$(inherited)",
					"@executable_path/Frameworks",
				);
				MARKETING_VERSION = 1.0;
				PRODUCT_BUNDLE_IDENTIFIER = kiefferlea.AnatomicGame;
				PRODUCT_NAME = "$(TARGET_NAME)";
				SWIFT_EMIT_LOC_STRINGS = YES;
				SWIFT_VERSION = 5.0;
				TARGETED_DEVICE_FAMILY = "1,2";
			};
			name = Debug;
		};
		4962F8AC27886A150061C456 /* Release */ = {
			isa = XCBuildConfiguration;
			buildSettings = {
				ASSETCATALOG_COMPILER_APPICON_NAME = AppIcon;
				ASSETCATALOG_COMPILER_GLOBAL_ACCENT_COLOR_NAME = AccentColor;
				CODE_SIGN_STYLE = Automatic;
				CURRENT_PROJECT_VERSION = 1;
				DEVELOPMENT_TEAM = NG7UFN6T72;
				GENERATE_INFOPLIST_FILE = YES;
				INFOPLIST_FILE = AnatomicGame/Info.plist;
				INFOPLIST_KEY_UIApplicationSupportsIndirectInputEvents = YES;
				INFOPLIST_KEY_UILaunchStoryboardName = LaunchScreen;
				INFOPLIST_KEY_UIMainStoryboardFile = Main;
				INFOPLIST_KEY_UISupportedInterfaceOrientations_iPad = "UIInterfaceOrientationPortrait UIInterfaceOrientationPortraitUpsideDown UIInterfaceOrientationLandscapeLeft UIInterfaceOrientationLandscapeRight";
				INFOPLIST_KEY_UISupportedInterfaceOrientations_iPhone = "UIInterfaceOrientationPortrait UIInterfaceOrientationLandscapeLeft UIInterfaceOrientationLandscapeRight";
				LD_RUNPATH_SEARCH_PATHS = (
					"$(inherited)",
					"@executable_path/Frameworks",
				);
				MARKETING_VERSION = 1.0;
				PRODUCT_BUNDLE_IDENTIFIER = kiefferlea.AnatomicGame;
				PRODUCT_NAME = "$(TARGET_NAME)";
				SWIFT_EMIT_LOC_STRINGS = YES;
				SWIFT_VERSION = 5.0;
				TARGETED_DEVICE_FAMILY = "1,2";
			};
			name = Release;
		};
/* End XCBuildConfiguration section */

/* Begin XCConfigurationList section */
		4962F89127886A140061C456 /* Build configuration list for PBXProject "AnatomicGame" */ = {
			isa = XCConfigurationList;
			buildConfigurations = (
				4962F8A827886A150061C456 /* Debug */,
				4962F8A927886A150061C456 /* Release */,
			);
			defaultConfigurationIsVisible = 0;
			defaultConfigurationName = Release;
		};
		4962F8AA27886A150061C456 /* Build configuration list for PBXNativeTarget "AnatomicGame" */ = {
			isa = XCConfigurationList;
			buildConfigurations = (
				4962F8AB27886A150061C456 /* Debug */,
				4962F8AC27886A150061C456 /* Release */,
			);
			defaultConfigurationIsVisible = 0;
			defaultConfigurationName = Release;
		};
/* End XCConfigurationList section */
	};
	rootObject = 4962F88E27886A140061C456 /* Project object */;
}
